
Microsoft Visual Studio Solution File, Format Version 12.00
# Visual Studio Version 17
VisualStudioVersion = 17.9.34607.119
MinimumVisualStudioVersion = 10.0.40219.1
Project("{FAE04EC0-301F-11D3-BF4B-00C04F79EFBC}") = "CLDV-POE2", "CLDV-POE2.csproj", "{F19C48AD-B908-4B49-A605-B0BE1BD99B09}"
EndProject
Global
	GlobalSection(SolutionConfigurationPlatforms) = preSolution
		Debug|Any CPU = Debug|Any CPU
		Release|Any CPU = Release|Any CPU
	EndGlobalSection
	GlobalSection(ProjectConfigurationPlatforms) = postSolution
		{F19C48AD-B908-4B49-A605-B0BE1BD99B09}.Debug|Any CPU.ActiveCfg = Debug|Any CPU
		{F19C48AD-B908-4B49-A605-B0BE1BD99B09}.Debug|Any CPU.Build.0 = Debug|Any CPU
		{F19C48AD-B908-4B49-A605-B0BE1BD99B09}.Release|Any CPU.ActiveCfg = Release|Any CPU
		{F19C48AD-B908-4B49-A605-B0BE1BD99B09}.Release|Any CPU.Build.0 = Release|Any CPU
	EndGlobalSection
	GlobalSection(SolutionProperties) = preSolution
		HideSolutionNode = FALSE
	EndGlobalSection
	GlobalSection(ExtensibilityGlobals) = postSolution
		SolutionGuid = {B1A9A802-31FB-4E34-9CA4-01D58274E017}
	EndGlobalSection
EndGlobal
